{
    "_meta": {
        "hash": {
            "sha256": "013cd8fc0b080b741e0ecd1d331e65aabc52a7ae40824286692020a55b6f48d4"
        },
        "pipfile-spec": 6,
        "requires": {
            "python_version": "3.10"
        },
        "sources": [
            {
                "name": "pypi",
                "url": "https://pypi.org/simple",
                "verify_ssl": true
            }
        ]
    },
    "default": {
        "clickhouse_driver": {
            "hashes": [
                "sha256:1d555d2567cac38138dcd3c282060d1bbd551a562ce38f6c307014646686bba5"
            ],
            "index": "pypi",
            "version": "==0.0.2"
        },
        "six": {
            "hashes": [
                "sha256:1e61c37477a1626458e36f7b1d82aa5c9b094fa4802892072e49de9c60c4c926",
                "sha256:8abb2f1d86890a2dfb989f9a77cfcfd3e47c2a354b01111771326f8aa26e0254"
            ],
            "markers": "python_version >= '2.7' and python_version not in '3.0, 3.1, 3.2'",
            "version": "==1.16.0"
        }
    },
    "develop": {}
}
